{
  "name": "ngram",
  "version": "1.0.0",
  "lockfileVersion": 1,
  "requires": true,
  "dependencies": {
    "@bitty/pipe": {
      "version": "0.0.4",
      "resolved": "https://registry.npmjs.org/@bitty/pipe/-/pipe-0.0.4.tgz",
      "integrity": "sha512-a49IrfWL8VmSuXIrSJ4Z456qdCO/QbrXrbuyT79QOyddZm3C779cZfLFn69emntbRyAqQLivCrmLo3b9AZOB0g=="
    },
    "fs": {
      "version": "0.0.1-security",
      "resolved": "https://registry.npmjs.org/fs/-/fs-0.0.1-security.tgz",
      "integrity": "sha1-invTcYa23d84E/I4WLV+yq9eQdQ="
    },
    "normalize-text": {
      "version": "2.1.3",
      "resolved": "https://registry.npmjs.org/normalize-text/-/normalize-text-2.1.3.tgz",
      "integrity": "sha512-Sik2eBxja1I+4q1qkqP0GNdK1YGUIWy19AnLnZbuDn+rsuGkcmeNM4tUWLW8Nr6Nc51bkAkiCJvrC5FlQE1AaQ==",
      "requires": {
        "@bitty/pipe": "^0.0.4"
      }
    }
  }
}
